
Microsoft Visual Studio Solution File, Format Version 12.00
# Visual Studio Version 16
VisualStudioVersion = 16.0.31129.286
MinimumVisualStudioVersion = 10.0.40219.1
Project("{2150E333-8FDC-42A3-9474-1A3956D46DE8}") = "src", "src", "{0C18ADB0-9BA9-4DDA-A6DE-831CB8C8745D}"
EndProject
Project("{2150E333-8FDC-42A3-9474-1A3956D46DE8}") = "tests", "tests", "{33F10E74-308E-4F90-9B0F-1B53822044F7}"
EndProject
Project("{9A19103F-16F7-4668-BE54-9A1E7A4F7556}") = "TPICAP.TechChallenge.API", "src\TPICAP.TechChallenge.API\TPICAP.TechChallenge.API.csproj", "{455857D7-2B8C-42BA-BDE9-5B8DD0085C18}"
EndProject
Project("{9A19103F-16F7-4668-BE54-9A1E7A4F7556}") = "TPICAP.TechChallenge.Data", "src\TPICAP.TechChallenge.Data\TPICAP.TechChallenge.Data.csproj", "{573D6210-2FF7-4627-858D-545291FBB3E2}"
EndProject
Project("{9A19103F-16F7-4668-BE54-9A1E7A4F7556}") = "TPICAP.TechChallenge.Model", "src\TPICAP.TechChallenge.Model\TPICAP.TechChallenge.Model.csproj", "{1B1591A0-1A9E-41F9-9A5E-B29848AC7F3F}"
EndProject
Project("{9A19103F-16F7-4668-BE54-9A1E7A4F7556}") = "TPICAP.TechChallenge.Data.Tests", "tests\TPICAP.TechChallenge.Data.Tests\TPICAP.TechChallenge.Data.Tests.csproj", "{7A0D7C4D-EFB6-4ED8-A15F-B13BD79D1027}"
EndProject
Project("{9A19103F-16F7-4668-BE54-9A1E7A4F7556}") = "TPICAP.TechChallenge.Infrastructure", "src\TPICAP.TechChallenge.Infrastructure\TPICAP.TechChallenge.Infrastructure.csproj", "{6712DAA8-5475-4C8C-83FF-F06A6DBDBAF6}"
EndProject
Project("{9A19103F-16F7-4668-BE54-9A1E7A4F7556}") = "TPICAP.TechChallenge.Infrastructure.Tests", "tests\TPICAP.TechChallenge.Infrastructure.Tests\TPICAP.TechChallenge.Infrastructure.Tests.csproj", "{EE2D016F-1336-4EEC-B026-EBDF189EE59C}"
EndProject
Project("{2150E333-8FDC-42A3-9474-1A3956D46DE8}") = "deployments", "deployments", "{F539799E-1500-4D75-B9AD-B22422FE7E4B}"
	ProjectSection(SolutionItems) = preProject
		deployment\01-svc-nodeport.yml = deployment\01-svc-nodeport.yml
		deployment\02-deploy-EKS.yml = deployment\02-deploy-EKS.yml
		deployment\02-deploy.yml = deployment\02-deploy.yml
		deployment\svc-lb.yml = deployment\svc-lb.yml
	EndProjectSection
EndProject
Project("{9A19103F-16F7-4668-BE54-9A1E7A4F7556}") = "TPICAP.TechChallenge.API.Tests", "tests\TPICAP.TechChallenge.API.Tests\TPICAP.TechChallenge.API.Tests.csproj", "{F30307E8-1B61-4775-9C92-427591155EC9}"
EndProject
Project("{FAE04EC0-301F-11D3-BF4B-00C04F79EFBC}") = "TPICAP.TechChallenge.Portman.Tests", "tests\TPICAP.TechChallenge.Portman.Tests\TPICAP.TechChallenge.Portman.Tests.csproj", "{11859DB3-041B-4FF2-9B2A-E0DFFD93A768}"
EndProject
Global
	GlobalSection(SolutionConfigurationPlatforms) = preSolution
		Debug|Any CPU = Debug|Any CPU
		Release|Any CPU = Release|Any CPU
	EndGlobalSection
	GlobalSection(ProjectConfigurationPlatforms) = postSolution
		{455857D7-2B8C-42BA-BDE9-5B8DD0085C18}.Debug|Any CPU.ActiveCfg = Debug|Any CPU
		{455857D7-2B8C-42BA-BDE9-5B8DD0085C18}.Debug|Any CPU.Build.0 = Debug|Any CPU
		{455857D7-2B8C-42BA-BDE9-5B8DD0085C18}.Release|Any CPU.ActiveCfg = Release|Any CPU
		{455857D7-2B8C-42BA-BDE9-5B8DD0085C18}.Release|Any CPU.Build.0 = Release|Any CPU
		{573D6210-2FF7-4627-858D-545291FBB3E2}.Debug|Any CPU.ActiveCfg = Debug|Any CPU
		{573D6210-2FF7-4627-858D-545291FBB3E2}.Debug|Any CPU.Build.0 = Debug|Any CPU
		{573D6210-2FF7-4627-858D-545291FBB3E2}.Release|Any CPU.ActiveCfg = Release|Any CPU
		{573D6210-2FF7-4627-858D-545291FBB3E2}.Release|Any CPU.Build.0 = Release|Any CPU
		{1B1591A0-1A9E-41F9-9A5E-B29848AC7F3F}.Debug|Any CPU.ActiveCfg = Debug|Any CPU
		{1B1591A0-1A9E-41F9-9A5E-B29848AC7F3F}.Debug|Any CPU.Build.0 = Debug|Any CPU
		{1B1591A0-1A9E-41F9-9A5E-B29848AC7F3F}.Release|Any CPU.ActiveCfg = Release|Any CPU
		{1B1591A0-1A9E-41F9-9A5E-B29848AC7F3F}.Release|Any CPU.Build.0 = Release|Any CPU
		{7A0D7C4D-EFB6-4ED8-A15F-B13BD79D1027}.Debug|Any CPU.ActiveCfg = Debug|Any CPU
		{7A0D7C4D-EFB6-4ED8-A15F-B13BD79D1027}.Debug|Any CPU.Build.0 = Debug|Any CPU
		{7A0D7C4D-EFB6-4ED8-A15F-B13BD79D1027}.Release|Any CPU.ActiveCfg = Release|Any CPU
		{7A0D7C4D-EFB6-4ED8-A15F-B13BD79D1027}.Release|Any CPU.Build.0 = Release|Any CPU
		{6712DAA8-5475-4C8C-83FF-F06A6DBDBAF6}.Debug|Any CPU.ActiveCfg = Debug|Any CPU
		{6712DAA8-5475-4C8C-83FF-F06A6DBDBAF6}.Debug|Any CPU.Build.0 = Debug|Any CPU
		{6712DAA8-5475-4C8C-83FF-F06A6DBDBAF6}.Release|Any CPU.ActiveCfg = Release|Any CPU
		{6712DAA8-5475-4C8C-83FF-F06A6DBDBAF6}.Release|Any CPU.Build.0 = Release|Any CPU
		{EE2D016F-1336-4EEC-B026-EBDF189EE59C}.Debug|Any CPU.ActiveCfg = Debug|Any CPU
		{EE2D016F-1336-4EEC-B026-EBDF189EE59C}.Debug|Any CPU.Build.0 = Debug|Any CPU
		{EE2D016F-1336-4EEC-B026-EBDF189EE59C}.Release|Any CPU.ActiveCfg = Release|Any CPU
		{EE2D016F-1336-4EEC-B026-EBDF189EE59C}.Release|Any CPU.Build.0 = Release|Any CPU
		{F30307E8-1B61-4775-9C92-427591155EC9}.Debug|Any CPU.ActiveCfg = Debug|Any CPU
		{F30307E8-1B61-4775-9C92-427591155EC9}.Debug|Any CPU.Build.0 = Debug|Any CPU
		{F30307E8-1B61-4775-9C92-427591155EC9}.Release|Any CPU.ActiveCfg = Release|Any CPU
		{F30307E8-1B61-4775-9C92-427591155EC9}.Release|Any CPU.Build.0 = Release|Any CPU
		{11859DB3-041B-4FF2-9B2A-E0DFFD93A768}.Debug|Any CPU.ActiveCfg = Debug|Any CPU
		{11859DB3-041B-4FF2-9B2A-E0DFFD93A768}.Debug|Any CPU.Build.0 = Debug|Any CPU
		{11859DB3-041B-4FF2-9B2A-E0DFFD93A768}.Release|Any CPU.ActiveCfg = Release|Any CPU
		{11859DB3-041B-4FF2-9B2A-E0DFFD93A768}.Release|Any CPU.Build.0 = Release|Any CPU
	EndGlobalSection
	GlobalSection(SolutionProperties) = preSolution
		HideSolutionNode = FALSE
	EndGlobalSection
	GlobalSection(NestedProjects) = preSolution
		{455857D7-2B8C-42BA-BDE9-5B8DD0085C18} = {0C18ADB0-9BA9-4DDA-A6DE-831CB8C8745D}
		{573D6210-2FF7-4627-858D-545291FBB3E2} = {0C18ADB0-9BA9-4DDA-A6DE-831CB8C8745D}
		{1B1591A0-1A9E-41F9-9A5E-B29848AC7F3F} = {0C18ADB0-9BA9-4DDA-A6DE-831CB8C8745D}
		{7A0D7C4D-EFB6-4ED8-A15F-B13BD79D1027} = {33F10E74-308E-4F90-9B0F-1B53822044F7}
		{6712DAA8-5475-4C8C-83FF-F06A6DBDBAF6} = {0C18ADB0-9BA9-4DDA-A6DE-831CB8C8745D}
		{EE2D016F-1336-4EEC-B026-EBDF189EE59C} = {33F10E74-308E-4F90-9B0F-1B53822044F7}
		{F30307E8-1B61-4775-9C92-427591155EC9} = {33F10E74-308E-4F90-9B0F-1B53822044F7}
		{11859DB3-041B-4FF2-9B2A-E0DFFD93A768} = {33F10E74-308E-4F90-9B0F-1B53822044F7}
	EndGlobalSection
	GlobalSection(ExtensibilityGlobals) = postSolution
		SolutionGuid = {64F5625C-DECF-4E6F-BE2A-BC1BC5FEDAF6}
	EndGlobalSection
EndGlobal
